
Microsoft Visual Studio Solution File, Format Version 12.00
# Visual Studio Version 17
VisualStudioVersion = 17.7.34221.43
MinimumVisualStudioVersion = 10.0.40219.1
Project("{FAE04EC0-301F-11D3-BF4B-00C04F79EFBC}") = "GAP", "GAP\GAP.csproj", "{9FBC6C28-941E-477A-8E96-C278957EA1CA}"
EndProject
Global
	GlobalSection(SolutionConfigurationPlatforms) = preSolution
		Debug|Any CPU = Debug|Any CPU
		Release|Any CPU = Release|Any CPU
	EndGlobalSection
	GlobalSection(ProjectConfigurationPlatforms) = postSolution
		{9FBC6C28-941E-477A-8E96-C278957EA1CA}.Debug|Any CPU.ActiveCfg = Debug|Any CPU
		{9FBC6C28-941E-477A-8E96-C278957EA1CA}.Debug|Any CPU.Build.0 = Debug|Any CPU
		{9FBC6C28-941E-477A-8E96-C278957EA1CA}.Release|Any CPU.ActiveCfg = Release|Any CPU
		{9FBC6C28-941E-477A-8E96-C278957EA1CA}.Release|Any CPU.Build.0 = Release|Any CPU
	EndGlobalSection
	GlobalSection(SolutionProperties) = preSolution
		HideSolutionNode = FALSE
	EndGlobalSection
	GlobalSection(ExtensibilityGlobals) = postSolution
		SolutionGuid = {534EAB7A-8EE1-4CE2-B502-1FD5E67AB2E7}
	EndGlobalSection
EndGlobal
